
Microsoft Visual Studio Solution File, Format Version 12.00
# Visual Studio Version 17
VisualStudioVersion = 17.2.32630.192
MinimumVisualStudioVersion = 10.0.40219.1
Project("{9A19103F-16F7-4668-BE54-9A1E7A4F7556}") = "SurveyManagementAPI", "SurveyManagementAPI\SurveyManagementAPI.csproj", "{D989B9E4-359C-48E9-B0D8-CCD6770E1A49}"
EndProject
Project("{2150E333-8FDC-42A3-9474-1A3956D46DE8}") = "Solution Items", "Solution Items", "{2C25201C-171C-4BF0-AD21-D7EA4F6346F7}"
EndProject
Project("{9A19103F-16F7-4668-BE54-9A1E7A4F7556}") = "Repository", "Repository\Repository.csproj", "{8BFB9C22-6477-4315-B6F7-6B03B1F1F6F6}"
EndProject
Project("{9A19103F-16F7-4668-BE54-9A1E7A4F7556}") = "Service", "Service\Service.csproj", "{51BE2F0F-0924-434F-9FA3-1E1E85758467}"
EndProject
Project("{9A19103F-16F7-4668-BE54-9A1E7A4F7556}") = "Core", "Core\Core.csproj", "{4B4C4D6C-EAC7-4097-BBAF-F260A78A84D1}"
EndProject
Global
	GlobalSection(SolutionConfigurationPlatforms) = preSolution
		Debug|Any CPU = Debug|Any CPU
		Release|Any CPU = Release|Any CPU
	EndGlobalSection
	GlobalSection(ProjectConfigurationPlatforms) = postSolution
		{D989B9E4-359C-48E9-B0D8-CCD6770E1A49}.Debug|Any CPU.ActiveCfg = Debug|Any CPU
		{D989B9E4-359C-48E9-B0D8-CCD6770E1A49}.Debug|Any CPU.Build.0 = Debug|Any CPU
		{D989B9E4-359C-48E9-B0D8-CCD6770E1A49}.Release|Any CPU.ActiveCfg = Release|Any CPU
		{D989B9E4-359C-48E9-B0D8-CCD6770E1A49}.Release|Any CPU.Build.0 = Release|Any CPU
		{8BFB9C22-6477-4315-B6F7-6B03B1F1F6F6}.Debug|Any CPU.ActiveCfg = Debug|Any CPU
		{8BFB9C22-6477-4315-B6F7-6B03B1F1F6F6}.Debug|Any CPU.Build.0 = Debug|Any CPU
		{8BFB9C22-6477-4315-B6F7-6B03B1F1F6F6}.Release|Any CPU.ActiveCfg = Release|Any CPU
		{8BFB9C22-6477-4315-B6F7-6B03B1F1F6F6}.Release|Any CPU.Build.0 = Release|Any CPU
		{51BE2F0F-0924-434F-9FA3-1E1E85758467}.Debug|Any CPU.ActiveCfg = Debug|Any CPU
		{51BE2F0F-0924-434F-9FA3-1E1E85758467}.Debug|Any CPU.Build.0 = Debug|Any CPU
		{51BE2F0F-0924-434F-9FA3-1E1E85758467}.Release|Any CPU.ActiveCfg = Release|Any CPU
		{51BE2F0F-0924-434F-9FA3-1E1E85758467}.Release|Any CPU.Build.0 = Release|Any CPU
		{4B4C4D6C-EAC7-4097-BBAF-F260A78A84D1}.Debug|Any CPU.ActiveCfg = Debug|Any CPU
		{4B4C4D6C-EAC7-4097-BBAF-F260A78A84D1}.Debug|Any CPU.Build.0 = Debug|Any CPU
		{4B4C4D6C-EAC7-4097-BBAF-F260A78A84D1}.Release|Any CPU.ActiveCfg = Release|Any CPU
		{4B4C4D6C-EAC7-4097-BBAF-F260A78A84D1}.Release|Any CPU.Build.0 = Release|Any CPU
	EndGlobalSection
	GlobalSection(SolutionProperties) = preSolution
		HideSolutionNode = FALSE
	EndGlobalSection
	GlobalSection(ExtensibilityGlobals) = postSolution
		SolutionGuid = {B296DDE4-0726-4B72-829C-115772CF1D05}
	EndGlobalSection
EndGlobal
